PODS:
  - Cache (5.2.0)
  - MGSwipeTableCell (1.6.11)
  - Result (3.2.4)
  - SugarRecord/CoreData (3.1.2):
    - Result (~> 3.0)
  - SwiftyJSON (5.0.0)

DEPENDENCIES:
  - Cache
  - MGSwipeTableCell
  - SugarRecord/CoreData
  - SwiftyJSON

SPEC REPOS:
  trunk:
    - Cache
    - MGSwipeTableCell
    - Result
    - SugarRecord
    - SwiftyJSON

SPEC CHECKSUMS:
  Cache: 807c5d86d01a177f06ede9865add3aea269bbfd4
  MGSwipeTableCell: b804e4e450dee439c42250be90bd50458bf67fce
  Result: d2d07204ce72856f1fd9130bbe42c35a7b0fea10
  SugarRecord: be6aa5c18b4a4dec0de4c1f49fc61c85eabb5328
  SwiftyJSON: 36413e04c44ee145039d332b4f4e2d3e8d6c4db7

PODFILE CHECKSUM: 3d2e402c134ff597e43d19cacdbc0814cd7499b8

COCOAPODS: 1.8.3
